// !$*UTF8*$!
{
	archiveVersion = 1;
	classes = {
	};
	objectVersion = 46;
	objects = {

/* Begin PBXBuildFile section */
		B50EE3121E08C1F500AA65E5 /* AppDelegate.swift in Sources */ = {isa = PBXBuildFile; fileRef = B50EE3111E08C1F500AA65E5 /* AppDelegate.swift */; };
		B50EE3141E08C1F500AA65E5 /* Assets.xcassets in Resources */ = {isa = PBXBuildFile; fileRef = B50EE3131E08C1F500AA65E5 /* Assets.xcassets */; };
		B50EE3171E08C1F500AA65E5 /* MainMenu.xib in Resources */ = {isa = PBXBuildFile; fileRef = B50EE3151E08C1F500AA65E5 /* MainMenu.xib */; };
		B50EE3201E08C75900AA65E5 /* StatusMenuController.swift in Sources */ = {isa = PBXBuildFile; fileRef = B50EE31F1E08C75900AA65E5 /* StatusMenuController.swift */; };
		B50EE3221E08D69500AA65E5 /* WeatherAPI.swift in Sources */ = {isa = PBXBuildFile; fileRef = B50EE3211E08D69500AA65E5 /* WeatherAPI.swift */; };
		B50EE3241E08E7DC00AA65E5 /* WeatherView.swift in Sources */ = {isa = PBXBuildFile; fileRef = B50EE3231E08E7DC00AA65E5 /* WeatherView.swift */; };
		B50EE3271E08EBC600AA65E5 /* PreferencesWindow.swift in Sources */ = {isa = PBXBuildFile; fileRef = B50EE3251E08EBC600AA65E5 /* PreferencesWindow.swift */; };
		B50EE3281E08EBC600AA65E5 /* PreferencesWindow.xib in Resources */ = {isa = PBXBuildFile; fileRef = B50EE3261E08EBC600AA65E5 /* PreferencesWindow.xib */; };
/* End PBXBuildFile section */

/* Begin PBXFileReference section */
		B50EE30E1E08C1F500AA65E5 /* WeatherBar.app */ = {isa = PBXFileReference; explicitFileType = wrapper.application; includeInIndex = 0; path = WeatherBar.app; sourceTree = BUILT_PRODUCTS_DIR; };
		B50EE3111E08C1F500AA65E5 /* AppDelegate.swift */ = {isa = PBXFileReference; lastKnownFileType = sourcecode.swift; path = AppDelegate.swift; sourceTree = "<group>"; };
		B50EE3131E08C1F500AA65E5 /* Assets.xcassets */ = {isa = PBXFileReference; lastKnownFileType = folder.assetcatalog; path = Assets.xcassets; sourceTree = "<group>"; };
		B50EE3161E08C1F500AA65E5 /* Base */ = {isa = PBXFileReference; lastKnownFileType = file.xib; name = Base; path = Base.lproj/MainMenu.xib; sourceTree = "<group>"; };
		B50EE3181E08C1F500AA65E5 /* Info.plist */ = {isa = PBXFileReference; lastKnownFileType = text.plist.xml; path = Info.plist; sourceTree = "<group>"; };
		B50EE31F1E08C75900AA65E5 /* StatusMenuController.swift */ = {isa = PBXFileReference; fileEncoding = 4; lastKnownFileType = sourcecode.swift; path = StatusMenuController.swift; sourceTree = "<group>"; };
		B50EE3211E08D69500AA65E5 /* WeatherAPI.swift */ = {isa = PBXFileReference; fileEncoding = 4; lastKnownFileType = sourcecode.swift; path = WeatherAPI.swift; sourceTree = "<group>"; };
		B50EE3231E08E7DC00AA65E5 /* WeatherView.swift */ = {isa = PBXFileReference; fileEncoding = 4; lastKnownFileType = sourcecode.swift; path = WeatherView.swift; sourceTree = "<group>"; };
		B50EE3251E08EBC600AA65E5 /* PreferencesWindow.swift */ = {isa = PBXFileReference; fileEncoding = 4; lastKnownFileType = sourcecode.swift; path = PreferencesWindow.swift; sourceTree = "<group>"; };
		B50EE3261E08EBC600AA65E5 /* PreferencesWindow.xib */ = {isa = PBXFileReference; fileEncoding = 4; lastKnownFileType = file.xib; path = PreferencesWindow.xib; sourceTree = "<group>"; };
/* End PBXFileReference section */

/* Begin PBXFrameworksBuildPhase section */
		B50EE30B1E08C1F500AA65E5 /* Frameworks */ = {
			isa = PBXFrameworksBuildPhase;
			buildActionMask = 2147483647;
			files = (
			);
			runOnlyForDeploymentPostprocessing = 0;
		};
/* End PBXFrameworksBuildPhase section */

/* Begin PBXGroup section */
		B50EE3051E08C1F500AA65E5 = {
			isa = PBXGroup;
			children = (
				B50EE3101E08C1F500AA65E5 /* WeatherBar */,
				B50EE30F1E08C1F500AA65E5 /* Products */,
			);
			sourceTree = "<group>";
		};
		B50EE30F1E08C1F500AA65E5 /* Products */ = {
			isa = PBXGroup;
			children = (
				B50EE30E1E08C1F500AA65E5 /* WeatherBar.app */,
			);
			name = Products;
			sourceTree = "<group>";
		};
		B50EE3101E08C1F500AA65E5 /* WeatherBar */ = {
			isa = PBXGroup;
			children = (
				B50EE31E1E08C1FC00AA65E5 /* Supporting Files */,
				B50EE3111E08C1F500AA65E5 /* AppDelegate.swift */,
				B50EE3231E08E7DC00AA65E5 /* WeatherView.swift */,
				B50EE31F1E08C75900AA65E5 /* StatusMenuController.swift */,
				B50EE3211E08D69500AA65E5 /* WeatherAPI.swift */,
				B50EE3151E08C1F500AA65E5 /* MainMenu.xib */,
				B50EE3251E08EBC600AA65E5 /* PreferencesWindow.swift */,
				B50EE3261E08EBC600AA65E5 /* PreferencesWindow.xib */,
			);
			path = WeatherBar;
			sourceTree = "<group>";
		};
		B50EE31E1E08C1FC00AA65E5 /* Supporting Files */ = {
			isa = PBXGroup;
			children = (
				B50EE3131E08C1F500AA65E5 /* Assets.xcassets */,
				B50EE3181E08C1F500AA65E5 /* Info.plist */,
			);
			name = "Supporting Files";
			sourceTree = "<group>";
		};
/* End PBXGroup section */

/* Begin PBXNativeTarget section */
		B50EE30D1E08C1F500AA65E5 /* WeatherBar */ = {
			isa = PBXNativeTarget;
			buildConfigurationList = B50EE31B1E08C1F500AA65E5 /* Build configuration list for PBXNativeTarget "WeatherBar" */;
			buildPhases = (
				B50EE30A1E08C1F500AA65E5 /* Sources */,
				B50EE30B1E08C1F500AA65E5 /* Frameworks */,
				B50EE30C1E08C1F500AA65E5 /* Resources */,
			);
			buildRules = (
			);
			dependencies = (
			);
			name = WeatherBar;
			productName = WeatherBar;
			productReference = B50EE30E1E08C1F500AA65E5 /* WeatherBar.app */;
			productType = "com.apple.product-type.application";
		};
/* End PBXNativeTarget section */

/* Begin PBXProject section */
		B50EE3061E08C1F500AA65E5 /* Project object */ = {
			isa = PBXProject;
			attributes = {
				LastSwiftUpdateCheck = 0810;
				LastUpgradeCheck = 0810;
				ORGANIZATIONNAME = MarkiiimarK;
				TargetAttributes = {
					B50EE30D1E08C1F500AA65E5 = {
						CreatedOnToolsVersion = 8.1;
						DevelopmentTeam = 4896ZP32KP;
						ProvisioningStyle = Automatic;
					};
				};
			};
			buildConfigurationList = B50EE3091E08C1F500AA65E5 /* Build configuration list for PBXProject "WeatherBar" */;
			compatibilityVersion = "Xcode 3.2";
			developmentRegion = English;
			hasScannedForEncodings = 0;
			knownRegions = (
				en,
				Base,
			);
			mainGroup = B50EE3051E08C1F500AA65E5;
			productRefGroup = B50EE30F1E08C1F500AA65E5 /* Products */;
			projectDirPath = "";
			projectRoot = "";
			targets = (
				B50EE30D1E08C1F500AA65E5 /* WeatherBar */,
			);
		};
/* End PBXProject section */

/* Begin PBXResourcesBuildPhase section */
		B50EE30C1E08C1F500AA65E5 /* Resources */ = {
			isa = PBXResourcesBuildPhase;
			buildActionMask = 2147483647;
			files = (
				B50EE3141E08C1F500AA65E5 /* Assets.xcassets in Resources */,
				B50EE3281E08EBC600AA65E5 /* PreferencesWindow.xib in Resources */,
				B50EE3171E08C1F500AA65E5 /* MainMenu.xib in Resources */,
			);
			runOnlyForDeploymentPostprocessing = 0;
		};
/* End PBXResourcesBuildPhase section */

/* Begin PBXSourcesBuildPhase section */
		B50EE30A1E08C1F500AA65E5 /* Sources */ = {
			isa = PBXSourcesBuildPhase;
			buildActionMask = 2147483647;
			files = (
				B50EE3221E08D69500AA65E5 /* WeatherAPI.swift in Sources */,
				B50EE3271E08EBC600AA65E5 /* PreferencesWindow.swift in Sources */,
				B50EE3201E08C75900AA65E5 /* StatusMenuController.swift in Sources */,
				B50EE3121E08C1F500AA65E5 /* AppDelegate.swift in Sources */,
				B50EE3241E08E7DC00AA65E5 /* WeatherView.swift in Sources */,
			);
			runOnlyForDeploymentPostprocessing = 0;
		};
/* End PBXSourcesBuildPhase section */

/* Begin PBXVariantGroup section */
		B50EE3151E08C1F500AA65E5 /* MainMenu.xib */ = {
			isa = PBXVariantGroup;
			children = (
				B50EE3161E08C1F500AA65E5 /* Base */,
			);
			name = MainMenu.xib;
			sourceTree = "<group>";
		};
/* End PBXVariantGroup section */

/* Begin XCBuildConfiguration section */
		B50EE3191E08C1F500AA65E5 /* Debug */ = {
			isa = XCBuildConfiguration;
			buildSettings = {
				ALWAYS_SEARCH_USER_PATHS = NO;
				CLANG_ANALYZER_NONNULL = YES;
				CLANG_CXX_LANGUAGE_STANDARD = "gnu++0x";
				CLANG_CXX_LIBRARY = "libc++";
				CLANG_ENABLE_MODULES = YES;
				CLANG_ENABLE_OBJC_ARC = YES;
				CLANG_WARN_BOOL_CONVERSION = YES;
				CLANG_WARN_CONSTANT_CONVERSION = YES;
				CLANG_WARN_DIRECT_OBJC_ISA_USAGE = YES_ERROR;
				CLANG_WARN_DOCUMENTATION_COMMENTS = YES;
				CLANG_WARN_EMPTY_BODY = YES;
				CLANG_WARN_ENUM_CONVERSION = YES;
				CLANG_WARN_INFINITE_RECURSION = YES;
				CLANG_WARN_INT_CONVERSION = YES;
				CLANG_WARN_OBJC_ROOT_CLASS = YES_ERROR;
				CLANG_WARN_SUSPICIOUS_MOVES = YES;
				CLANG_WARN_UNREACHABLE_CODE = YES;
				CLANG_WARN__DUPLICATE_METHOD_MATCH = YES;
				CODE_SIGN_IDENTITY = "-";
				COPY_PHASE_STRIP = NO;
				DEBUG_INFORMATION_FORMAT = dwarf;
				ENABLE_STRICT_OBJC_MSGSEND = YES;
				ENABLE_TESTABILITY = YES;
				GCC_C_LANGUAGE_STANDARD = gnu99;
				GCC_DYNAMIC_NO_PIC = NO;
				GCC_NO_COMMON_BLOCKS = YES;
				GCC_OPTIMIZATION_LEVEL = 0;
				GCC_PREPROCESSOR_DEFINITIONS = (
					"DEBUG=1",
					"$(inherited)",
				);
				GCC_WARN_64_TO_32_BIT_CONVERSION = YES;
				GCC_WARN_ABOUT_RETURN_TYPE = YES_ERROR;
				GCC_WARN_UNDECLARED_SELECTOR = YES;
				GCC_WARN_UNINITIALIZED_AUTOS = YES_AGGRESSIVE;
				GCC_WARN_UNUSED_FUNCTION = YES;
				GCC_WARN_UNUSED_VARIABLE = YES;
				MACOSX_DEPLOYMENT_TARGET = 10.12;
				MTL_ENABLE_DEBUG_INFO = YES;
				ONLY_ACTIVE_ARCH = YES;
				SDKROOT = macosx;
				SWIFT_ACTIVE_COMPILATION_CONDITIONS = DEBUG;
				SWIFT_OPTIMIZATION_LEVEL = "-Onone";
			};
			name = Debug;
		};
		B50EE31A1E08C1F500AA65E5 /* Release */ = {
			isa = XCBuildConfiguration;
			buildSettings = {
				ALWAYS_SEARCH_USER_PATHS = NO;
				CLANG_ANALYZER_NONNULL = YES;
				CLANG_CXX_LANGUAGE_STANDARD = "gnu++0x";
				CLANG_CXX_LIBRARY = "libc++";
				CLANG_ENABLE_MODULES = YES;
				CLANG_ENABLE_OBJC_ARC = YES;
				CLANG_WARN_BOOL_CONVERSION = YES;
				CLANG_WARN_CONSTANT_CONVERSION = YES;
				CLANG_WARN_DIRECT_OBJC_ISA_USAGE = YES_ERROR;
				CLANG_WARN_DOCUMENTATION_COMMENTS = YES;
				CLANG_WARN_EMPTY_BODY = YES;
				CLANG_WARN_ENUM_CONVERSION = YES;
				CLANG_WARN_INFINITE_RECURSION = YES;
				CLANG_WARN_INT_CONVERSION = YES;
				CLANG_WARN_OBJC_ROOT_CLASS = YES_ERROR;
				CLANG_WARN_SUSPICIOUS_MOVES = YES;
				CLANG_WARN_UNREACHABLE_CODE = YES;
				CLANG_WARN__DUPLICATE_METHOD_MATCH = YES;
				CODE_SIGN_IDENTITY = "-";
				COPY_PHASE_STRIP = NO;
				DEBUG_INFORMATION_FORMAT = "dwarf-with-dsym";
				ENABLE_NS_ASSERTIONS = NO;
				ENABLE_STRICT_OBJC_MSGSEND = YES;
				GCC_C_LANGUAGE_STANDARD = gnu99;
				GCC_NO_COMMON_BLOCKS = YES;
				GCC_WARN_64_TO_32_BIT_CONVERSION = YES;
				GCC_WARN_ABOUT_RETURN_TYPE = YES_ERROR;
				GCC_WARN_UNDECLARED_SELECTOR = YES;
				GCC_WARN_UNINITIALIZED_AUTOS = YES_AGGRESSIVE;
				GCC_WARN_UNUSED_FUNCTION = YES;
				GCC_WARN_UNUSED_VARIABLE = YES;
				MACOSX_DEPLOYMENT_TARGET = 10.12;
				MTL_ENABLE_DEBUG_INFO = NO;
				SDKROOT = macosx;
				SWIFT_OPTIMIZATION_LEVEL = "-Owholemodule";
			};
			name = Release;
		};
		B50EE31C1E08C1F500AA65E5 /* Debug */ = {
			isa = XCBuildConfiguration;
			buildSettings = {
				ASSETCATALOG_COMPILER_APPICON_NAME = AppIcon;
				COMBINE_HIDPI_IMAGES = YES;
				DEVELOPMENT_TEAM = 4896ZP32KP;
				INFOPLIST_FILE = WeatherBar/Info.plist;
				LD_RUNPATH_SEARCH_PATHS = "$(inherited) @executable_path/../Frameworks";
				PRODUCT_BUNDLE_IDENTIFIER = com.MarkiiimarK.WeatherBar;
				PRODUCT_NAME = "$(TARGET_NAME)";
				SWIFT_VERSION = 3.0;
			};
			name = Debug;
		};
		B50EE31D1E08C1F500AA65E5 /* Release */ = {
			isa = XCBuildConfiguration;
			buildSettings = {
				ASSETCATALOG_COMPILER_APPICON_NAME = AppIcon;
				COMBINE_HIDPI_IMAGES = YES;
				DEVELOPMENT_TEAM = 4896ZP32KP;
				INFOPLIST_FILE = WeatherBar/Info.plist;
				LD_RUNPATH_SEARCH_PATHS = "$(inherited) @executable_path/../Frameworks";
				PRODUCT_BUNDLE_IDENTIFIER = com.MarkiiimarK.WeatherBar;
				PRODUCT_NAME = "$(TARGET_NAME)";
				SWIFT_VERSION = 3.0;
			};
			name = Release;
		};
/* End XCBuildConfiguration section */

/* Begin XCConfigurationList section */
		B50EE3091E08C1F500AA65E5 /* Build configuration list for PBXProject "WeatherBar" */ = {
			isa = XCConfigurationList;
			buildConfigurations = (
				B50EE3191E08C1F500AA65E5 /* Debug */,
				B50EE31A1E08C1F500AA65E5 /* Release */,
			);
			defaultConfigurationIsVisible = 0;
			defaultConfigurationName = Release;
		};
		B50EE31B1E08C1F500AA65E5 /* Build configuration list for PBXNativeTarget "WeatherBar" */ = {
			isa = XCConfigurationList;
			buildConfigurations = (
				B50EE31C1E08C1F500AA65E5 /* Debug */,
				B50EE31D1E08C1F500AA65E5 /* Release */,
			);
			defaultConfigurationIsVisible = 0;
		};
/* End XCConfigurationList section */
	};
	rootObject = B50EE3061E08C1F500AA65E5 /* Project object */;
}
